
Microsoft Visual Studio Solution File, Format Version 12.00
# Visual Studio Version 16
VisualStudioVersion = 16.0.30002.166
MinimumVisualStudioVersion = 10.0.40219.1
Project("{FAE04EC0-301F-11D3-BF4B-00C04F79EFBC}") = "class test", "class test.csproj", "{3EF485D1-838D-4A59-937A-0A15674ECCEC}"
EndProject
Global
	GlobalSection(SolutionConfigurationPlatforms) = preSolution
		Debug|Any CPU = Debug|Any CPU
		Release|Any CPU = Release|Any CPU
	EndGlobalSection
	GlobalSection(ProjectConfigurationPlatforms) = postSolution
		{3EF485D1-838D-4A59-937A-0A15674ECCEC}.Debug|Any CPU.ActiveCfg = Debug|Any CPU
		{3EF485D1-838D-4A59-937A-0A15674ECCEC}.Debug|Any CPU.Build.0 = Debug|Any CPU
		{3EF485D1-838D-4A59-937A-0A15674ECCEC}.Release|Any CPU.ActiveCfg = Release|Any CPU
		{3EF485D1-838D-4A59-937A-0A15674ECCEC}.Release|Any CPU.Build.0 = Release|Any CPU
	EndGlobalSection
	GlobalSection(SolutionProperties) = preSolution
		HideSolutionNode = FALSE
	EndGlobalSection
	GlobalSection(ExtensibilityGlobals) = postSolution
		SolutionGuid = {FC76BB7D-7891-4C07-A2C6-A73A7CC6B546}
	EndGlobalSection
EndGlobal
