
Microsoft Visual Studio Solution File, Format Version 12.00
# Visual Studio Version 16
VisualStudioVersion = 16.0.30002.166
MinimumVisualStudioVersion = 10.0.40219.1
Project("{FAE04EC0-301F-11D3-BF4B-00C04F79EFBC}") = "class study2", "class study2.csproj", "{1C576142-2EC4-4200-B72B-A93746AD7B37}"
EndProject
Global
	GlobalSection(SolutionConfigurationPlatforms) = preSolution
		Debug|Any CPU = Debug|Any CPU
		Release|Any CPU = Release|Any CPU
	EndGlobalSection
	GlobalSection(ProjectConfigurationPlatforms) = postSolution
		{1C576142-2EC4-4200-B72B-A93746AD7B37}.Debug|Any CPU.ActiveCfg = Debug|Any CPU
		{1C576142-2EC4-4200-B72B-A93746AD7B37}.Debug|Any CPU.Build.0 = Debug|Any CPU
		{1C576142-2EC4-4200-B72B-A93746AD7B37}.Release|Any CPU.ActiveCfg = Release|Any CPU
		{1C576142-2EC4-4200-B72B-A93746AD7B37}.Release|Any CPU.Build.0 = Release|Any CPU
	EndGlobalSection
	GlobalSection(SolutionProperties) = preSolution
		HideSolutionNode = FALSE
	EndGlobalSection
	GlobalSection(ExtensibilityGlobals) = postSolution
		SolutionGuid = {38A29F21-430B-4BE9-A36B-A079F6BC03BD}
	EndGlobalSection
EndGlobal
