
Microsoft Visual Studio Solution File, Format Version 12.00
# Visual Studio Version 16
VisualStudioVersion = 16.0.30002.166
MinimumVisualStudioVersion = 10.0.40219.1
Project("{FAE04EC0-301F-11D3-BF4B-00C04F79EFBC}") = "week2-2", "week2-2.csproj", "{38328830-6933-4083-9CFA-E9BE77250AE9}"
EndProject
Global
	GlobalSection(SolutionConfigurationPlatforms) = preSolution
		Debug|Any CPU = Debug|Any CPU
		Release|Any CPU = Release|Any CPU
	EndGlobalSection
	GlobalSection(ProjectConfigurationPlatforms) = postSolution
		{38328830-6933-4083-9CFA-E9BE77250AE9}.Debug|Any CPU.ActiveCfg = Debug|Any CPU
		{38328830-6933-4083-9CFA-E9BE77250AE9}.Debug|Any CPU.Build.0 = Debug|Any CPU
		{38328830-6933-4083-9CFA-E9BE77250AE9}.Release|Any CPU.ActiveCfg = Release|Any CPU
		{38328830-6933-4083-9CFA-E9BE77250AE9}.Release|Any CPU.Build.0 = Release|Any CPU
	EndGlobalSection
	GlobalSection(SolutionProperties) = preSolution
		HideSolutionNode = FALSE
	EndGlobalSection
	GlobalSection(ExtensibilityGlobals) = postSolution
		SolutionGuid = {99BD06DA-8999-4B34-BCF5-744B453A4946}
	EndGlobalSection
EndGlobal
