
Microsoft Visual Studio Solution File, Format Version 12.00
# Visual Studio Version 16
VisualStudioVersion = 16.0.30002.166
MinimumVisualStudioVersion = 10.0.40219.1
Project("{FAE04EC0-301F-11D3-BF4B-00C04F79EFBC}") = "example1", "example1.csproj", "{CC78FF80-04BA-4196-B047-8FDA947CF0A1}"
EndProject
Global
	GlobalSection(SolutionConfigurationPlatforms) = preSolution
		Debug|Any CPU = Debug|Any CPU
		Release|Any CPU = Release|Any CPU
	EndGlobalSection
	GlobalSection(ProjectConfigurationPlatforms) = postSolution
		{CC78FF80-04BA-4196-B047-8FDA947CF0A1}.Debug|Any CPU.ActiveCfg = Debug|Any CPU
		{CC78FF80-04BA-4196-B047-8FDA947CF0A1}.Debug|Any CPU.Build.0 = Debug|Any CPU
		{CC78FF80-04BA-4196-B047-8FDA947CF0A1}.Release|Any CPU.ActiveCfg = Release|Any CPU
		{CC78FF80-04BA-4196-B047-8FDA947CF0A1}.Release|Any CPU.Build.0 = Release|Any CPU
	EndGlobalSection
	GlobalSection(SolutionProperties) = preSolution
		HideSolutionNode = FALSE
	EndGlobalSection
	GlobalSection(ExtensibilityGlobals) = postSolution
		SolutionGuid = {25C2B18A-CB07-4FBB-804D-E7A9A0A84CF1}
	EndGlobalSection
EndGlobal
