
Microsoft Visual Studio Solution File, Format Version 12.00
# Visual Studio Version 16
VisualStudioVersion = 16.0.30002.166
MinimumVisualStudioVersion = 10.0.40219.1
Project("{FAE04EC0-301F-11D3-BF4B-00C04F79EFBC}") = "Calculator", "Calculator.csproj", "{C5314076-29EF-4B31-B118-C2C174BB6806}"
EndProject
Global
	GlobalSection(SolutionConfigurationPlatforms) = preSolution
		Debug|Any CPU = Debug|Any CPU
		Release|Any CPU = Release|Any CPU
	EndGlobalSection
	GlobalSection(ProjectConfigurationPlatforms) = postSolution
		{C5314076-29EF-4B31-B118-C2C174BB6806}.Debug|Any CPU.ActiveCfg = Debug|Any CPU
		{C5314076-29EF-4B31-B118-C2C174BB6806}.Debug|Any CPU.Build.0 = Debug|Any CPU
		{C5314076-29EF-4B31-B118-C2C174BB6806}.Release|Any CPU.ActiveCfg = Release|Any CPU
		{C5314076-29EF-4B31-B118-C2C174BB6806}.Release|Any CPU.Build.0 = Release|Any CPU
	EndGlobalSection
	GlobalSection(SolutionProperties) = preSolution
		HideSolutionNode = FALSE
	EndGlobalSection
	GlobalSection(ExtensibilityGlobals) = postSolution
		SolutionGuid = {B99825A4-9DD6-406F-8401-AE0E89B12542}
	EndGlobalSection
EndGlobal
