
Microsoft Visual Studio Solution File, Format Version 12.00
# Visual Studio Version 16
VisualStudioVersion = 16.0.30002.166
MinimumVisualStudioVersion = 10.0.40219.1
Project("{FAE04EC0-301F-11D3-BF4B-00C04F79EFBC}") = "week2", "week2.csproj", "{A9D38D58-A114-42DF-B2C5-7BBA41744F0F}"
EndProject
Global
	GlobalSection(SolutionConfigurationPlatforms) = preSolution
		Debug|Any CPU = Debug|Any CPU
		Release|Any CPU = Release|Any CPU
	EndGlobalSection
	GlobalSection(ProjectConfigurationPlatforms) = postSolution
		{A9D38D58-A114-42DF-B2C5-7BBA41744F0F}.Debug|Any CPU.ActiveCfg = Debug|Any CPU
		{A9D38D58-A114-42DF-B2C5-7BBA41744F0F}.Debug|Any CPU.Build.0 = Debug|Any CPU
		{A9D38D58-A114-42DF-B2C5-7BBA41744F0F}.Release|Any CPU.ActiveCfg = Release|Any CPU
		{A9D38D58-A114-42DF-B2C5-7BBA41744F0F}.Release|Any CPU.Build.0 = Release|Any CPU
	EndGlobalSection
	GlobalSection(SolutionProperties) = preSolution
		HideSolutionNode = FALSE
	EndGlobalSection
	GlobalSection(ExtensibilityGlobals) = postSolution
		SolutionGuid = {6FE23C9B-C94A-44E4-B88B-3C70F5C0CD2A}
	EndGlobalSection
EndGlobal
