
Microsoft Visual Studio Solution File, Format Version 12.00
# Visual Studio Version 16
VisualStudioVersion = 16.0.30002.166
MinimumVisualStudioVersion = 10.0.40219.1
Project("{FAE04EC0-301F-11D3-BF4B-00C04F79EFBC}") = "for", "for.csproj", "{5A90DB2D-6484-4E9F-828D-116435283A74}"
EndProject
Global
	GlobalSection(SolutionConfigurationPlatforms) = preSolution
		Debug|Any CPU = Debug|Any CPU
		Release|Any CPU = Release|Any CPU
	EndGlobalSection
	GlobalSection(ProjectConfigurationPlatforms) = postSolution
		{5A90DB2D-6484-4E9F-828D-116435283A74}.Debug|Any CPU.ActiveCfg = Debug|Any CPU
		{5A90DB2D-6484-4E9F-828D-116435283A74}.Debug|Any CPU.Build.0 = Debug|Any CPU
		{5A90DB2D-6484-4E9F-828D-116435283A74}.Release|Any CPU.ActiveCfg = Release|Any CPU
		{5A90DB2D-6484-4E9F-828D-116435283A74}.Release|Any CPU.Build.0 = Release|Any CPU
	EndGlobalSection
	GlobalSection(SolutionProperties) = preSolution
		HideSolutionNode = FALSE
	EndGlobalSection
	GlobalSection(ExtensibilityGlobals) = postSolution
		SolutionGuid = {D5417131-8985-4B64-9DA7-12DED068CB88}
	EndGlobalSection
EndGlobal
